# THIS IS AN AUTOGENERATED FILE. DO NOT EDIT THIS FILE DIRECTLY.
# yarn lockfile v1


chart.js@>=3.0.2, chart.js@^3.6.1:
  version "3.6.1"
  resolved "https://registry.yarnpkg.com/chart.js/-/chart.js-3.6.1.tgz#edcb6584b8d810306f655f89538c00a4f440c58e"
  integrity sha512-AycnixR0I325Fp3bqQ7wRJbkIJPwz/9IZtUBvdBWMjK5+nKCy6FZ3VejkDTtB9udePEXNt1UYoGTsNL49JoIbg==

chartjs-adapter-date-fns@>=2.0.0:
  version "2.0.0"
  resolved "https://registry.yarnpkg.com/chartjs-adapter-date-fns/-/chartjs-adapter-date-fns-2.0.0.tgz#5e53b2f660b993698f936f509c86dddf9ed44c6b"
  integrity sha512-rmZINGLe+9IiiEB0kb57vH3UugAtYw33anRiw5kS2Tu87agpetDDoouquycWc9pRsKtQo5j+vLsYHyr8etAvFw==

chartkick@^4.1.1:
  version "4.1.1"
  resolved "https://registry.yarnpkg.com/chartkick/-/chartkick-4.1.1.tgz#60d6e13a090c5334bd80ad8fb7da02aaf38fb936"
  integrity sha512-+3+dIKZo8MzOiQFc4FZDZiRjDnrgVxgjk3tKXVclMcDF8yIJAEqSr5/l4pqpB2Rxye1s2Dg3j6bVA9eIeDbnCQ==
  optionalDependencies:
    chart.js ">=3.0.2"
    chartjs-adapter-date-fns ">=2.0.0"
    date-fns ">=2.0.0"

date-fns@>=2.0.0:
  version "2.27.0"
  resolved "https://registry.yarnpkg.com/date-fns/-/date-fns-2.27.0.tgz#e1ff3c3ddbbab8a2eaadbb6106be2929a5a2d92b"
  integrity sha512-sj+J0Mo2p2X1e306MHq282WS4/A8Pz/95GIFcsPNMPMZVI3EUrAdSv90al1k+p74WGLCruMXk23bfEDZa71X9Q==
